
Microsoft Visual Studio Solution File, Format Version 12.00
# Visual Studio 14
VisualStudioVersion = 14.0.25420.1
MinimumVisualStudioVersion = 10.0.40219.1
Project("{FAE04EC0-301F-11D3-BF4B-00C04F79EFBC}") = "Dates", "Dates\Dates.csproj", "{36D8CEE6-FFB3-4327-B01F-FF05CDBB6A82}"
EndProject
Project("{FAE04EC0-301F-11D3-BF4B-00C04F79EFBC}") = "Strings", "Strings\Strings.csproj", "{96CA0CA1-3E71-480C-90BA-4BCCB981BBB5}"
EndProject
Project("{FAE04EC0-301F-11D3-BF4B-00C04F79EFBC}") = "Arrays", "Arrays\Arrays.csproj", "{D70C32EA-099A-4196-BF7F-680822CA5292}"
EndProject
Project("{FAE04EC0-301F-11D3-BF4B-00C04F79EFBC}") = "HashTable", "HashTable\HashTable.csproj", "{9AC0BF77-AEE6-49EC-B677-05EAAC50085C}"
EndProject
Project("{FAE04EC0-301F-11D3-BF4B-00C04F79EFBC}") = "Integers", "Integers\Integers.csproj", "{AACB9874-E39C-428F-9739-95BED2E16069}"
EndProject
Project("{FAE04EC0-301F-11D3-BF4B-00C04F79EFBC}") = "LinkedLists", "LinkedLists\LinkedLists.csproj", "{E12E6FBC-6BE9-403C-A622-E2E3AE10C988}"
EndProject
Project("{FAE04EC0-301F-11D3-BF4B-00C04F79EFBC}") = "Stacks", "Stacks\Stacks.csproj", "{79F6266D-FA9C-4E25-9280-D034729054FB}"
EndProject
Global
	GlobalSection(SolutionConfigurationPlatforms) = preSolution
		Debug|Any CPU = Debug|Any CPU
		Release|Any CPU = Release|Any CPU
	EndGlobalSection
	GlobalSection(ProjectConfigurationPlatforms) = postSolution
		{36D8CEE6-FFB3-4327-B01F-FF05CDBB6A82}.Debug|Any CPU.ActiveCfg = Debug|Any CPU
		{36D8CEE6-FFB3-4327-B01F-FF05CDBB6A82}.Debug|Any CPU.Build.0 = Debug|Any CPU
		{36D8CEE6-FFB3-4327-B01F-FF05CDBB6A82}.Release|Any CPU.ActiveCfg = Release|Any CPU
		{36D8CEE6-FFB3-4327-B01F-FF05CDBB6A82}.Release|Any CPU.Build.0 = Release|Any CPU
		{96CA0CA1-3E71-480C-90BA-4BCCB981BBB5}.Debug|Any CPU.ActiveCfg = Debug|Any CPU
		{96CA0CA1-3E71-480C-90BA-4BCCB981BBB5}.Debug|Any CPU.Build.0 = Debug|Any CPU
		{96CA0CA1-3E71-480C-90BA-4BCCB981BBB5}.Release|Any CPU.ActiveCfg = Release|Any CPU
		{96CA0CA1-3E71-480C-90BA-4BCCB981BBB5}.Release|Any CPU.Build.0 = Release|Any CPU
		{D70C32EA-099A-4196-BF7F-680822CA5292}.Debug|Any CPU.ActiveCfg = Debug|Any CPU
		{D70C32EA-099A-4196-BF7F-680822CA5292}.Debug|Any CPU.Build.0 = Debug|Any CPU
		{D70C32EA-099A-4196-BF7F-680822CA5292}.Release|Any CPU.ActiveCfg = Release|Any CPU
		{D70C32EA-099A-4196-BF7F-680822CA5292}.Release|Any CPU.Build.0 = Release|Any CPU
		{9AC0BF77-AEE6-49EC-B677-05EAAC50085C}.Debug|Any CPU.ActiveCfg = Debug|Any CPU
		{9AC0BF77-AEE6-49EC-B677-05EAAC50085C}.Debug|Any CPU.Build.0 = Debug|Any CPU
		{9AC0BF77-AEE6-49EC-B677-05EAAC50085C}.Release|Any CPU.ActiveCfg = Release|Any CPU
		{9AC0BF77-AEE6-49EC-B677-05EAAC50085C}.Release|Any CPU.Build.0 = Release|Any CPU
		{AACB9874-E39C-428F-9739-95BED2E16069}.Debug|Any CPU.ActiveCfg = Debug|Any CPU
		{AACB9874-E39C-428F-9739-95BED2E16069}.Debug|Any CPU.Build.0 = Debug|Any CPU
		{AACB9874-E39C-428F-9739-95BED2E16069}.Release|Any CPU.ActiveCfg = Release|Any CPU
		{AACB9874-E39C-428F-9739-95BED2E16069}.Release|Any CPU.Build.0 = Release|Any CPU
		{E12E6FBC-6BE9-403C-A622-E2E3AE10C988}.Debug|Any CPU.ActiveCfg = Debug|Any CPU
		{E12E6FBC-6BE9-403C-A622-E2E3AE10C988}.Debug|Any CPU.Build.0 = Debug|Any CPU
		{E12E6FBC-6BE9-403C-A622-E2E3AE10C988}.Release|Any CPU.ActiveCfg = Release|Any CPU
		{E12E6FBC-6BE9-403C-A622-E2E3AE10C988}.Release|Any CPU.Build.0 = Release|Any CPU
		{79F6266D-FA9C-4E25-9280-D034729054FB}.Debug|Any CPU.ActiveCfg = Debug|Any CPU
		{79F6266D-FA9C-4E25-9280-D034729054FB}.Debug|Any CPU.Build.0 = Debug|Any CPU
		{79F6266D-FA9C-4E25-9280-D034729054FB}.Release|Any CPU.ActiveCfg = Release|Any CPU
		{79F6266D-FA9C-4E25-9280-D034729054FB}.Release|Any CPU.Build.0 = Release|Any CPU
	EndGlobalSection
	GlobalSection(SolutionProperties) = preSolution
		HideSolutionNode = FALSE
	EndGlobalSection
EndGlobal
